
Microsoft Visual Studio Solution File, Format Version 12.00
# Visual Studio 15
VisualStudioVersion = 15.0.28010.2046
MinimumVisualStudioVersion = 10.0.40219.1
Project("{FAE04EC0-301F-11D3-BF4B-00C04F79EFBC}") = "CZGameServer", "CZGameServer\CZGameServer.csproj", "{BAB0306E-9190-44DE-BE2C-BE0D1C118B7D}"
EndProject
Project("{FAE04EC0-301F-11D3-BF4B-00C04F79EFBC}") = "NetLinkMySQL", "NetLinkMySQL\NetLinkMySQL.csproj", "{5461C090-4BFA-47AB-8F61-2934B244B7B4}"
EndProject
Project("{FAE04EC0-301F-11D3-BF4B-00C04F79EFBC}") = "NHibernate", "Nhibernate\NHibernate.csproj", "{10962D54-CB46-4A95-BCC1-8CA8A8C939B9}"
EndProject
Global
	GlobalSection(SolutionConfigurationPlatforms) = preSolution
		Debug|Any CPU = Debug|Any CPU
		Release|Any CPU = Release|Any CPU
	EndGlobalSection
	GlobalSection(ProjectConfigurationPlatforms) = postSolution
		{BAB0306E-9190-44DE-BE2C-BE0D1C118B7D}.Debug|Any CPU.ActiveCfg = Debug|Any CPU
		{BAB0306E-9190-44DE-BE2C-BE0D1C118B7D}.Debug|Any CPU.Build.0 = Debug|Any CPU
		{BAB0306E-9190-44DE-BE2C-BE0D1C118B7D}.Release|Any CPU.ActiveCfg = Release|Any CPU
		{BAB0306E-9190-44DE-BE2C-BE0D1C118B7D}.Release|Any CPU.Build.0 = Release|Any CPU
		{5461C090-4BFA-47AB-8F61-2934B244B7B4}.Debug|Any CPU.ActiveCfg = Debug|Any CPU
		{5461C090-4BFA-47AB-8F61-2934B244B7B4}.Debug|Any CPU.Build.0 = Debug|Any CPU
		{5461C090-4BFA-47AB-8F61-2934B244B7B4}.Release|Any CPU.ActiveCfg = Release|Any CPU
		{5461C090-4BFA-47AB-8F61-2934B244B7B4}.Release|Any CPU.Build.0 = Release|Any CPU
		{10962D54-CB46-4A95-BCC1-8CA8A8C939B9}.Debug|Any CPU.ActiveCfg = Debug|Any CPU
		{10962D54-CB46-4A95-BCC1-8CA8A8C939B9}.Debug|Any CPU.Build.0 = Debug|Any CPU
		{10962D54-CB46-4A95-BCC1-8CA8A8C939B9}.Release|Any CPU.ActiveCfg = Release|Any CPU
		{10962D54-CB46-4A95-BCC1-8CA8A8C939B9}.Release|Any CPU.Build.0 = Release|Any CPU
	EndGlobalSection
	GlobalSection(SolutionProperties) = preSolution
		HideSolutionNode = FALSE
	EndGlobalSection
	GlobalSection(ExtensibilityGlobals) = postSolution
		SolutionGuid = {934A9BCB-4D91-4D33-898A-3142E3CE2CEB}
	EndGlobalSection
EndGlobal
